
Microsoft Visual Studio Solution File, Format Version 12.00
# Visual Studio Version 16
VisualStudioVersion = 16.0.29905.134
MinimumVisualStudioVersion = 10.0.40219.1
Project("{8BC9CEB8-8B4A-11D0-8D11-00A0C91BC942}") = "测试_01", "测试_01\1、.vcxproj", "{0267A9D4-383D-42A7-844A-CBAC2789F32B}"
EndProject
Project("{8BC9CEB8-8B4A-11D0-8D11-00A0C91BC942}") = "测试_02", "测试_02\2、.vcxproj", "{D74ABD8C-5DED-44EE-BD00-E6CCA38694E7}"
EndProject
Project("{8BC9CEB8-8B4A-11D0-8D11-00A0C91BC942}") = "测试_03", "测试_03\3、.vcxproj", "{9E6AE171-D2AC-4F17-9EB8-5205612034DD}"
EndProject
Project("{8BC9CEB8-8B4A-11D0-8D11-00A0C91BC942}") = "测试_04", "测试04\测试04.vcxproj", "{EB2620A3-5C87-4637-9A95-83F313FAFDEF}"
EndProject
Project("{8BC9CEB8-8B4A-11D0-8D11-00A0C91BC942}") = "测试_05", "测试_05\测试_05.vcxproj", "{0C9A6952-FD16-4710-B4DD-13F7E0575F5D}"
EndProject
Global
	GlobalSection(SolutionConfigurationPlatforms) = preSolution
		Debug|x64 = Debug|x64
		Debug|x86 = Debug|x86
		Release|x64 = Release|x64
		Release|x86 = Release|x86
	EndGlobalSection
	GlobalSection(ProjectConfigurationPlatforms) = postSolution
		{0267A9D4-383D-42A7-844A-CBAC2789F32B}.Debug|x64.ActiveCfg = Debug|x64
		{0267A9D4-383D-42A7-844A-CBAC2789F32B}.Debug|x64.Build.0 = Debug|x64
		{0267A9D4-383D-42A7-844A-CBAC2789F32B}.Debug|x86.ActiveCfg = Debug|Win32
		{0267A9D4-383D-42A7-844A-CBAC2789F32B}.Debug|x86.Build.0 = Debug|Win32
		{0267A9D4-383D-42A7-844A-CBAC2789F32B}.Release|x64.ActiveCfg = Release|x64
		{0267A9D4-383D-42A7-844A-CBAC2789F32B}.Release|x64.Build.0 = Release|x64
		{0267A9D4-383D-42A7-844A-CBAC2789F32B}.Release|x86.ActiveCfg = Release|Win32
		{0267A9D4-383D-42A7-844A-CBAC2789F32B}.Release|x86.Build.0 = Release|Win32
		{D74ABD8C-5DED-44EE-BD00-E6CCA38694E7}.Debug|x64.ActiveCfg = Debug|x64
		{D74ABD8C-5DED-44EE-BD00-E6CCA38694E7}.Debug|x64.Build.0 = Debug|x64
		{D74ABD8C-5DED-44EE-BD00-E6CCA38694E7}.Debug|x86.ActiveCfg = Debug|Win32
		{D74ABD8C-5DED-44EE-BD00-E6CCA38694E7}.Debug|x86.Build.0 = Debug|Win32
		{D74ABD8C-5DED-44EE-BD00-E6CCA38694E7}.Release|x64.ActiveCfg = Release|x64
		{D74ABD8C-5DED-44EE-BD00-E6CCA38694E7}.Release|x64.Build.0 = Release|x64
		{D74ABD8C-5DED-44EE-BD00-E6CCA38694E7}.Release|x86.ActiveCfg = Release|Win32
		{D74ABD8C-5DED-44EE-BD00-E6CCA38694E7}.Release|x86.Build.0 = Release|Win32
		{9E6AE171-D2AC-4F17-9EB8-5205612034DD}.Debug|x64.ActiveCfg = Debug|x64
		{9E6AE171-D2AC-4F17-9EB8-5205612034DD}.Debug|x64.Build.0 = Debug|x64
		{9E6AE171-D2AC-4F17-9EB8-5205612034DD}.Debug|x86.ActiveCfg = Debug|Win32
		{9E6AE171-D2AC-4F17-9EB8-5205612034DD}.Debug|x86.Build.0 = Debug|Win32
		{9E6AE171-D2AC-4F17-9EB8-5205612034DD}.Release|x64.ActiveCfg = Release|x64
		{9E6AE171-D2AC-4F17-9EB8-5205612034DD}.Release|x64.Build.0 = Release|x64
		{9E6AE171-D2AC-4F17-9EB8-5205612034DD}.Release|x86.ActiveCfg = Release|Win32
		{9E6AE171-D2AC-4F17-9EB8-5205612034DD}.Release|x86.Build.0 = Release|Win32
		{EB2620A3-5C87-4637-9A95-83F313FAFDEF}.Debug|x64.ActiveCfg = Debug|x64
		{EB2620A3-5C87-4637-9A95-83F313FAFDEF}.Debug|x64.Build.0 = Debug|x64
		{EB2620A3-5C87-4637-9A95-83F313FAFDEF}.Debug|x86.ActiveCfg = Debug|Win32
		{EB2620A3-5C87-4637-9A95-83F313FAFDEF}.Debug|x86.Build.0 = Debug|Win32
		{EB2620A3-5C87-4637-9A95-83F313FAFDEF}.Release|x64.ActiveCfg = Release|x64
		{EB2620A3-5C87-4637-9A95-83F313FAFDEF}.Release|x64.Build.0 = Release|x64
		{EB2620A3-5C87-4637-9A95-83F313FAFDEF}.Release|x86.ActiveCfg = Release|Win32
		{EB2620A3-5C87-4637-9A95-83F313FAFDEF}.Release|x86.Build.0 = Release|Win32
		{0C9A6952-FD16-4710-B4DD-13F7E0575F5D}.Debug|x64.ActiveCfg = Debug|x64
		{0C9A6952-FD16-4710-B4DD-13F7E0575F5D}.Debug|x64.Build.0 = Debug|x64
		{0C9A6952-FD16-4710-B4DD-13F7E0575F5D}.Debug|x86.ActiveCfg = Debug|Win32
		{0C9A6952-FD16-4710-B4DD-13F7E0575F5D}.Debug|x86.Build.0 = Debug|Win32
		{0C9A6952-FD16-4710-B4DD-13F7E0575F5D}.Release|x64.ActiveCfg = Release|x64
		{0C9A6952-FD16-4710-B4DD-13F7E0575F5D}.Release|x64.Build.0 = Release|x64
		{0C9A6952-FD16-4710-B4DD-13F7E0575F5D}.Release|x86.ActiveCfg = Release|Win32
		{0C9A6952-FD16-4710-B4DD-13F7E0575F5D}.Release|x86.Build.0 = Release|Win32
	EndGlobalSection
	GlobalSection(SolutionProperties) = preSolution
		HideSolutionNode = FALSE
	EndGlobalSection
	GlobalSection(ExtensibilityGlobals) = postSolution
		SolutionGuid = {107C2241-D6A6-4DA5-BDBD-BCE8D8997963}
	EndGlobalSection
EndGlobal
